
Microsoft Visual Studio Solution File, Format Version 12.00
# Visual Studio Version 16
VisualStudioVersion = 16.0.30011.22
MinimumVisualStudioVersion = 10.0.40219.1
Project("{FAE04EC0-301F-11D3-BF4B-00C04F79EFBC}") = "LibMdx", "LibMdx.csproj", "{B677578B-CF95-4C62-A1FE-B27D477EF3A4}"
EndProject
Project("{FAE04EC0-301F-11D3-BF4B-00C04F79EFBC}") = "Test", "..\Test\Test.csproj", "{447C00A3-3657-471A-AC8C-E04F978B7E0C}"
EndProject
Project("{FAE04EC0-301F-11D3-BF4B-00C04F79EFBC}") = "ApiNortwind", "..\ApiNortwindCube\ApiNortwind.csproj", "{C36A81B6-22AE-4093-8559-29340B4F1B1B}"
EndProject
Global
	GlobalSection(SolutionConfigurationPlatforms) = preSolution
		Debug|Any CPU = Debug|Any CPU
		Release|Any CPU = Release|Any CPU
	EndGlobalSection
	GlobalSection(ProjectConfigurationPlatforms) = postSolution
		{B677578B-CF95-4C62-A1FE-B27D477EF3A4}.Debug|Any CPU.ActiveCfg = Debug|Any CPU
		{B677578B-CF95-4C62-A1FE-B27D477EF3A4}.Debug|Any CPU.Build.0 = Debug|Any CPU
		{B677578B-CF95-4C62-A1FE-B27D477EF3A4}.Release|Any CPU.ActiveCfg = Release|Any CPU
		{B677578B-CF95-4C62-A1FE-B27D477EF3A4}.Release|Any CPU.Build.0 = Release|Any CPU
		{447C00A3-3657-471A-AC8C-E04F978B7E0C}.Debug|Any CPU.ActiveCfg = Debug|Any CPU
		{447C00A3-3657-471A-AC8C-E04F978B7E0C}.Debug|Any CPU.Build.0 = Debug|Any CPU
		{447C00A3-3657-471A-AC8C-E04F978B7E0C}.Release|Any CPU.ActiveCfg = Release|Any CPU
		{447C00A3-3657-471A-AC8C-E04F978B7E0C}.Release|Any CPU.Build.0 = Release|Any CPU
		{C36A81B6-22AE-4093-8559-29340B4F1B1B}.Debug|Any CPU.ActiveCfg = Debug|Any CPU
		{C36A81B6-22AE-4093-8559-29340B4F1B1B}.Debug|Any CPU.Build.0 = Debug|Any CPU
		{C36A81B6-22AE-4093-8559-29340B4F1B1B}.Release|Any CPU.ActiveCfg = Release|Any CPU
		{C36A81B6-22AE-4093-8559-29340B4F1B1B}.Release|Any CPU.Build.0 = Release|Any CPU
	EndGlobalSection
	GlobalSection(SolutionProperties) = preSolution
		HideSolutionNode = FALSE
	EndGlobalSection
	GlobalSection(ExtensibilityGlobals) = postSolution
		SolutionGuid = {B8539E08-3E10-4A38-9BDB-60E6A691EEED}
	EndGlobalSection
EndGlobal
